{
  "pins" : [
    {
      "identity" : "console-kit",
      "kind" : "remoteSourceControl",
      "location" : "https://github.com/vapor/console-kit.git",
      "state" : {
        "revision" : "447f1046fb4e9df40973fe426ecb24a6f0e8d3b4",
        "version" : "4.6.0"
      }
    },
    {
      "identity" : "swift-commands",
      "kind" : "remoteSourceControl",
      "location" : "https://github.com/QiuZhiFei/swift-commands/",
      "state" : {
        "revision" : "0883a0383038c41b398945b2e6fd233baaacc394",
        "version" : "0.6.0"
      }
    },
    {
      "identity" : "swift-log",
      "kind" : "remoteSourceControl",
      "location" : "https://github.com/apple/swift-log.git",
      "state" : {
        "revision" : "32e8d724467f8fe623624570367e3d50c5638e46",
        "version" : "1.5.2"
      }
    }
  ],
  "version" : 2
}
